
Microsoft Visual Studio Solution File, Format Version 12.00
# Visual Studio Version 17
VisualStudioVersion = 17.5.33502.453
MinimumVisualStudioVersion = 10.0.40219.1
Project("{FAE04EC0-301F-11D3-BF4B-00C04F79EFBC}") = "Notes", "Notes.csproj", "{9706AE27-FA47-4239-A71D-7AC52DCF5D5D}"
EndProject
Global
	GlobalSection(SolutionConfigurationPlatforms) = preSolution
		Debug|Any CPU = Debug|Any CPU
		Release|Any CPU = Release|Any CPU
	EndGlobalSection
	GlobalSection(ProjectConfigurationPlatforms) = postSolution
		{9706AE27-FA47-4239-A71D-7AC52DCF5D5D}.Debug|Any CPU.ActiveCfg = Debug|Any CPU
		{9706AE27-FA47-4239-A71D-7AC52DCF5D5D}.Debug|Any CPU.Build.0 = Debug|Any CPU
		{9706AE27-FA47-4239-A71D-7AC52DCF5D5D}.Release|Any CPU.ActiveCfg = Release|Any CPU
		{9706AE27-FA47-4239-A71D-7AC52DCF5D5D}.Release|Any CPU.Build.0 = Release|Any CPU
	EndGlobalSection
	GlobalSection(SolutionProperties) = preSolution
		HideSolutionNode = FALSE
	EndGlobalSection
	GlobalSection(ExtensibilityGlobals) = postSolution
		SolutionGuid = {296A55C7-9084-4CD3-B8CC-F03032072864}
	EndGlobalSection
EndGlobal
